
Microsoft Visual Studio Solution File, Format Version 12.00
# Visual Studio Version 17
VisualStudioVersion = 17.10.35013.160
MinimumVisualStudioVersion = 10.0.40219.1
Project("{FAE04EC0-301F-11D3-BF4B-00C04F79EFBC}") = "MinimalAPIExample", "MinimalAPIExample\MinimalAPIExample.csproj", "{2772260B-65BA-4DB7-8AEE-ED25081058A1}"
EndProject
Global
	GlobalSection(SolutionConfigurationPlatforms) = preSolution
		Debug|Any CPU = Debug|Any CPU
		Release|Any CPU = Release|Any CPU
	EndGlobalSection
	GlobalSection(ProjectConfigurationPlatforms) = postSolution
		{2772260B-65BA-4DB7-8AEE-ED25081058A1}.Debug|Any CPU.ActiveCfg = Debug|Any CPU
		{2772260B-65BA-4DB7-8AEE-ED25081058A1}.Debug|Any CPU.Build.0 = Debug|Any CPU
		{2772260B-65BA-4DB7-8AEE-ED25081058A1}.Release|Any CPU.ActiveCfg = Release|Any CPU
		{2772260B-65BA-4DB7-8AEE-ED25081058A1}.Release|Any CPU.Build.0 = Release|Any CPU
	EndGlobalSection
	GlobalSection(SolutionProperties) = preSolution
		HideSolutionNode = FALSE
	EndGlobalSection
	GlobalSection(ExtensibilityGlobals) = postSolution
		SolutionGuid = {B92A3F65-2016-4BC5-8C04-DDC878A7DB4A}
	EndGlobalSection
EndGlobal
